// !$*UTF8*$!
{
	archiveVersion = 1;
	classes = {
	};
	objectVersion = 46;
	objects = {

/* Begin PBXBuildFile section */
		CD6A07081910D38F007945D0 /* MapKit.framework in Frameworks */ = {isa = PBXBuildFile; fileRef = CD6A07071910D38F007945D0 /* MapKit.framework */; };
		CDF2576D191096140021B3F8 /* Foundation.framework in Frameworks */ = {isa = PBXBuildFile; fileRef = CDF2576C191096140021B3F8 /* Foundation.framework */; };
		CDF2576F191096140021B3F8 /* CoreGraphics.framework in Frameworks */ = {isa = PBXBuildFile; fileRef = CDF2576E191096140021B3F8 /* CoreGraphics.framework */; };
		CDF25771191096140021B3F8 /* UIKit.framework in Frameworks */ = {isa = PBXBuildFile; fileRef = CDF25770191096140021B3F8 /* UIKit.framework */; };
		CDF25777191096140021B3F8 /* InfoPlist.strings in Resources */ = {isa = PBXBuildFile; fileRef = CDF25775191096140021B3F8 /* InfoPlist.strings */; };
		CDF25779191096140021B3F8 /* main.m in Sources */ = {isa = PBXBuildFile; fileRef = CDF25778191096140021B3F8 /* main.m */; };
		CDF2577D191096140021B3F8 /* AppDelegate.m in Sources */ = {isa = PBXBuildFile; fileRef = CDF2577C191096140021B3F8 /* AppDelegate.m */; };
		CDF25780191096140021B3F8 /* Main.storyboard in Resources */ = {isa = PBXBuildFile; fileRef = CDF2577E191096140021B3F8 /* Main.storyboard */; };
		CDF25783191096140021B3F8 /* ViewController.m in Sources */ = {isa = PBXBuildFile; fileRef = CDF25782191096140021B3F8 /* ViewController.m */; };
		CDF25785191096140021B3F8 /* Images.xcassets in Resources */ = {isa = PBXBuildFile; fileRef = CDF25784191096140021B3F8 /* Images.xcassets */; };
		CDF2578C191096140021B3F8 /* XCTest.framework in Frameworks */ = {isa = PBXBuildFile; fileRef = CDF2578B191096140021B3F8 /* XCTest.framework */; };
		CDF2578D191096140021B3F8 /* Foundation.framework in Frameworks */ = {isa = PBXBuildFile; fileRef = CDF2576C191096140021B3F8 /* Foundation.framework */; };
		CDF2578E191096140021B3F8 /* UIKit.framework in Frameworks */ = {isa = PBXBuildFile; fileRef = CDF25770191096140021B3F8 /* UIKit.framework */; };
		CDF25796191096140021B3F8 /* InfoPlist.strings in Resources */ = {isa = PBXBuildFile; fileRef = CDF25794191096140021B3F8 /* InfoPlist.strings */; };
		CDF25798191096140021B3F8 /* LHLocationManagerTests.m in Sources */ = {isa = PBXBuildFile; fileRef = CDF25797191096140021B3F8 /* LHLocationManagerTests.m */; };
		CDF257A2191096380021B3F8 /* CoreLocation.framework in Frameworks */ = {isa = PBXBuildFile; fileRef = CDF257A1191096380021B3F8 /* CoreLocation.framework */; };
		CDF257A51910994D0021B3F8 /* LHLocationManager.m in Sources */ = {isa = PBXBuildFile; fileRef = CDF257A41910994D0021B3F8 /* LHLocationManager.m */; };
/* End PBXBuildFile section */

/* Begin PBXContainerItemProxy section */
		CDF2578F191096140021B3F8 /* PBXContainerItemProxy */ = {
			isa = PBXContainerItemProxy;
			containerPortal = CDF25761191096140021B3F8 /* Project object */;
			proxyType = 1;
			remoteGlobalIDString = CDF25768191096140021B3F8;
			remoteInfo = LHLocationManager;
		};
/* End PBXContainerItemProxy section */

/* Begin PBXFileReference section */
		CD6A07071910D38F007945D0 /* MapKit.framework */ = {isa = PBXFileReference; lastKnownFileType = wrapper.framework; name = MapKit.framework; path = System/Library/Frameworks/MapKit.framework; sourceTree = SDKROOT; };
		CDF25769191096140021B3F8 /* LHLocationManager.app */ = {isa = PBXFileReference; explicitFileType = wrapper.application; includeInIndex = 0; path = LHLocationManager.app; sourceTree = BUILT_PRODUCTS_DIR; };
		CDF2576C191096140021B3F8 /* Foundation.framework */ = {isa = PBXFileReference; lastKnownFileType = wrapper.framework; name = Foundation.framework; path = System/Library/Frameworks/Foundation.framework; sourceTree = SDKROOT; };
		CDF2576E191096140021B3F8 /* CoreGraphics.framework */ = {isa = PBXFileReference; lastKnownFileType = wrapper.framework; name = CoreGraphics.framework; path = System/Library/Frameworks/CoreGraphics.framework; sourceTree = SDKROOT; };
		CDF25770191096140021B3F8 /* UIKit.framework */ = {isa = PBXFileReference; lastKnownFileType = wrapper.framework; name = UIKit.framework; path = System/Library/Frameworks/UIKit.framework; sourceTree = SDKROOT; };
		CDF25774191096140021B3F8 /* LHLocationManager-Info.plist */ = {isa = PBXFileReference; lastKnownFileType = text.plist.xml; path = "LHLocationManager-Info.plist"; sourceTree = "<group>"; };
		CDF25776191096140021B3F8 /* en */ = {isa = PBXFileReference; lastKnownFileType = text.plist.strings; name = en; path = en.lproj/InfoPlist.strings; sourceTree = "<group>"; };
		CDF25778191096140021B3F8 /* main.m */ = {isa = PBXFileReference; lastKnownFileType = sourcecode.c.objc; path = main.m; sourceTree = "<group>"; };
		CDF2577A191096140021B3F8 /* LHLocationManager-Prefix.pch */ = {isa = PBXFileReference; lastKnownFileType = sourcecode.c.h; path = "LHLocationManager-Prefix.pch"; sourceTree = "<group>"; };
		CDF2577B191096140021B3F8 /* AppDelegate.h */ = {isa = PBXFileReference; lastKnownFileType = sourcecode.c.h; path = AppDelegate.h; sourceTree = "<group>"; };
		CDF2577C191096140021B3F8 /* AppDelegate.m */ = {isa = PBXFileReference; lastKnownFileType = sourcecode.c.objc; path = AppDelegate.m; sourceTree = "<group>"; };
		CDF2577F191096140021B3F8 /* Base */ = {isa = PBXFileReference; lastKnownFileType = file.storyboard; name = Base; path = Base.lproj/Main.storyboard; sourceTree = "<group>"; };
		CDF25781191096140021B3F8 /* ViewController.h */ = {isa = PBXFileReference; lastKnownFileType = sourcecode.c.h; path = ViewController.h; sourceTree = "<group>"; };
		CDF25782191096140021B3F8 /* ViewController.m */ = {isa = PBXFileReference; lastKnownFileType = sourcecode.c.objc; path = ViewController.m; sourceTree = "<group>"; };
		CDF25784191096140021B3F8 /* Images.xcassets */ = {isa = PBXFileReference; lastKnownFileType = folder.assetcatalog; path = Images.xcassets; sourceTree = "<group>"; };
		CDF2578A191096140021B3F8 /* LHLocationManagerTests.xctest */ = {isa = PBXFileReference; explicitFileType = wrapper.cfbundle; includeInIndex = 0; path = LHLocationManagerTests.xctest; sourceTree = BUILT_PRODUCTS_DIR; };
		CDF2578B191096140021B3F8 /* XCTest.framework */ = {isa = PBXFileReference; lastKnownFileType = wrapper.framework; name = XCTest.framework; path = Library/Frameworks/XCTest.framework; sourceTree = DEVELOPER_DIR; };
		CDF25793191096140021B3F8 /* LHLocationManagerTests-Info.plist */ = {isa = PBXFileReference; lastKnownFileType = text.plist.xml; path = "LHLocationManagerTests-Info.plist"; sourceTree = "<group>"; };
		CDF25795191096140021B3F8 /* en */ = {isa = PBXFileReference; lastKnownFileType = text.plist.strings; name = en; path = en.lproj/InfoPlist.strings; sourceTree = "<group>"; };
		CDF25797191096140021B3F8 /* LHLocationManagerTests.m */ = {isa = PBXFileReference; lastKnownFileType = sourcecode.c.objc; path = LHLocationManagerTests.m; sourceTree = "<group>"; };
		CDF257A1191096380021B3F8 /* CoreLocation.framework */ = {isa = PBXFileReference; lastKnownFileType = wrapper.framework; name = CoreLocation.framework; path = System/Library/Frameworks/CoreLocation.framework; sourceTree = SDKROOT; };
		CDF257A31910994D0021B3F8 /* LHLocationManager.h */ = {isa = PBXFileReference; fileEncoding = 4; lastKnownFileType = sourcecode.c.h; path = LHLocationManager.h; sourceTree = "<group>"; };
		CDF257A41910994D0021B3F8 /* LHLocationManager.m */ = {isa = PBXFileReference; fileEncoding = 4; lastKnownFileType = sourcecode.c.objc; path = LHLocationManager.m; sourceTree = "<group>"; };
/* End PBXFileReference section */

/* Begin PBXFrameworksBuildPhase section */
		CDF25766191096140021B3F8 /* Frameworks */ = {
			isa = PBXFrameworksBuildPhase;
			buildActionMask = 2147483647;
			files = (
				CD6A07081910D38F007945D0 /* MapKit.framework in Frameworks */,
				CDF257A2191096380021B3F8 /* CoreLocation.framework in Frameworks */,
				CDF2576F191096140021B3F8 /* CoreGraphics.framework in Frameworks */,
				CDF25771191096140021B3F8 /* UIKit.framework in Frameworks */,
				CDF2576D191096140021B3F8 /* Foundation.framework in Frameworks */,
			);
			runOnlyForDeploymentPostprocessing = 0;
		};
		CDF25787191096140021B3F8 /* Frameworks */ = {
			isa = PBXFrameworksBuildPhase;
			buildActionMask = 2147483647;
			files = (
				CDF2578C191096140021B3F8 /* XCTest.framework in Frameworks */,
				CDF2578E191096140021B3F8 /* UIKit.framework in Frameworks */,
				CDF2578D191096140021B3F8 /* Foundation.framework in Frameworks */,
			);
			runOnlyForDeploymentPostprocessing = 0;
		};
/* End PBXFrameworksBuildPhase section */

/* Begin PBXGroup section */
		CDF25760191096140021B3F8 = {
			isa = PBXGroup;
			children = (
				CDF25772191096140021B3F8 /* LHLocationManager */,
				CDF25791191096140021B3F8 /* LHLocationManagerTests */,
				CDF2576B191096140021B3F8 /* Frameworks */,
				CDF2576A191096140021B3F8 /* Products */,
			);
			sourceTree = "<group>";
		};
		CDF2576A191096140021B3F8 /* Products */ = {
			isa = PBXGroup;
			children = (
				CDF25769191096140021B3F8 /* LHLocationManager.app */,
				CDF2578A191096140021B3F8 /* LHLocationManagerTests.xctest */,
			);
			name = Products;
			sourceTree = "<group>";
		};
		CDF2576B191096140021B3F8 /* Frameworks */ = {
			isa = PBXGroup;
			children = (
				CD6A07071910D38F007945D0 /* MapKit.framework */,
				CDF257A1191096380021B3F8 /* CoreLocation.framework */,
				CDF2576C191096140021B3F8 /* Foundation.framework */,
				CDF2576E191096140021B3F8 /* CoreGraphics.framework */,
				CDF25770191096140021B3F8 /* UIKit.framework */,
				CDF2578B191096140021B3F8 /* XCTest.framework */,
			);
			name = Frameworks;
			sourceTree = "<group>";
		};
		CDF25772191096140021B3F8 /* LHLocationManager */ = {
			isa = PBXGroup;
			children = (
				CDF2577B191096140021B3F8 /* AppDelegate.h */,
				CDF2577C191096140021B3F8 /* AppDelegate.m */,
				CDF2577E191096140021B3F8 /* Main.storyboard */,
				CDF25781191096140021B3F8 /* ViewController.h */,
				CDF25782191096140021B3F8 /* ViewController.m */,
				CDF25784191096140021B3F8 /* Images.xcassets */,
				CDF25773191096140021B3F8 /* Supporting Files */,
				CDF257A31910994D0021B3F8 /* LHLocationManager.h */,
				CDF257A41910994D0021B3F8 /* LHLocationManager.m */,
			);
			path = LHLocationManager;
			sourceTree = "<group>";
		};
		CDF25773191096140021B3F8 /* Supporting Files */ = {
			isa = PBXGroup;
			children = (
				CDF25774191096140021B3F8 /* LHLocationManager-Info.plist */,
				CDF25775191096140021B3F8 /* InfoPlist.strings */,
				CDF25778191096140021B3F8 /* main.m */,
				CDF2577A191096140021B3F8 /* LHLocationManager-Prefix.pch */,
			);
			name = "Supporting Files";
			sourceTree = "<group>";
		};
		CDF25791191096140021B3F8 /* LHLocationManagerTests */ = {
			isa = PBXGroup;
			children = (
				CDF25797191096140021B3F8 /* LHLocationManagerTests.m */,
				CDF25792191096140021B3F8 /* Supporting Files */,
			);
			path = LHLocationManagerTests;
			sourceTree = "<group>";
		};
		CDF25792191096140021B3F8 /* Supporting Files */ = {
			isa = PBXGroup;
			children = (
				CDF25793191096140021B3F8 /* LHLocationManagerTests-Info.plist */,
				CDF25794191096140021B3F8 /* InfoPlist.strings */,
			);
			name = "Supporting Files";
			sourceTree = "<group>";
		};
/* End PBXGroup section */

/* Begin PBXNativeTarget section */
		CDF25768191096140021B3F8 /* LHLocationManager */ = {
			isa = PBXNativeTarget;
			buildConfigurationList = CDF2579B191096140021B3F8 /* Build configuration list for PBXNativeTarget "LHLocationManager" */;
			buildPhases = (
				CDF25765191096140021B3F8 /* Sources */,
				CDF25766191096140021B3F8 /* Frameworks */,
				CDF25767191096140021B3F8 /* Resources */,
			);
			buildRules = (
			);
			dependencies = (
			);
			name = LHLocationManager;
			productName = LHLocationManager;
			productReference = CDF25769191096140021B3F8 /* LHLocationManager.app */;
			productType = "com.apple.product-type.application";
		};
		CDF25789191096140021B3F8 /* LHLocationManagerTests */ = {
			isa = PBXNativeTarget;
			buildConfigurationList = CDF2579E191096140021B3F8 /* Build configuration list for PBXNativeTarget "LHLocationManagerTests" */;
			buildPhases = (
				CDF25786191096140021B3F8 /* Sources */,
				CDF25787191096140021B3F8 /* Frameworks */,
				CDF25788191096140021B3F8 /* Resources */,
			);
			buildRules = (
			);
			dependencies = (
				CDF25790191096140021B3F8 /* PBXTargetDependency */,
			);
			name = LHLocationManagerTests;
			productName = LHLocationManagerTests;
			productReference = CDF2578A191096140021B3F8 /* LHLocationManagerTests.xctest */;
			productType = "com.apple.product-type.bundle.unit-test";
		};
/* End PBXNativeTarget section */

/* Begin PBXProject section */
		CDF25761191096140021B3F8 /* Project object */ = {
			isa = PBXProject;
			attributes = {
				LastUpgradeCheck = 0510;
				ORGANIZATIONNAME = "LiHong(410139419@qq.com)";
				TargetAttributes = {
					CDF25789191096140021B3F8 = {
						TestTargetID = CDF25768191096140021B3F8;
					};
				};
			};
			buildConfigurationList = CDF25764191096140021B3F8 /* Build configuration list for PBXProject "LHLocationManager" */;
			compatibilityVersion = "Xcode 3.2";
			developmentRegion = English;
			hasScannedForEncodings = 0;
			knownRegions = (
				en,
				Base,
			);
			mainGroup = CDF25760191096140021B3F8;
			productRefGroup = CDF2576A191096140021B3F8 /* Products */;
			projectDirPath = "";
			projectRoot = "";
			targets = (
				CDF25768191096140021B3F8 /* LHLocationManager */,
				CDF25789191096140021B3F8 /* LHLocationManagerTests */,
			);
		};
/* End PBXProject section */

/* Begin PBXResourcesBuildPhase section */
		CDF25767191096140021B3F8 /* Resources */ = {
			isa = PBXResourcesBuildPhase;
			buildActionMask = 2147483647;
			files = (
				CDF25785191096140021B3F8 /* Images.xcassets in Resources */,
				CDF25777191096140021B3F8 /* InfoPlist.strings in Resources */,
				CDF25780191096140021B3F8 /* Main.storyboard in Resources */,
			);
			runOnlyForDeploymentPostprocessing = 0;
		};
		CDF25788191096140021B3F8 /* Resources */ = {
			isa = PBXResourcesBuildPhase;
			buildActionMask = 2147483647;
			files = (
				CDF25796191096140021B3F8 /* InfoPlist.strings in Resources */,
			);
			runOnlyForDeploymentPostprocessing = 0;
		};
/* End PBXResourcesBuildPhase section */

/* Begin PBXSourcesBuildPhase section */
		CDF25765191096140021B3F8 /* Sources */ = {
			isa = PBXSourcesBuildPhase;
			buildActionMask = 2147483647;
			files = (
				CDF25783191096140021B3F8 /* ViewController.m in Sources */,
				CDF2577D191096140021B3F8 /* AppDelegate.m in Sources */,
				CDF257A51910994D0021B3F8 /* LHLocationManager.m in Sources */,
				CDF25779191096140021B3F8 /* main.m in Sources */,
			);
			runOnlyForDeploymentPostprocessing = 0;
		};
		CDF25786191096140021B3F8 /* Sources */ = {
			isa = PBXSourcesBuildPhase;
			buildActionMask = 2147483647;
			files = (
				CDF25798191096140021B3F8 /* LHLocationManagerTests.m in Sources */,
			);
			runOnlyForDeploymentPostprocessing = 0;
		};
/* End PBXSourcesBuildPhase section */

/* Begin PBXTargetDependency section */
		CDF25790191096140021B3F8 /* PBXTargetDependency */ = {
			isa = PBXTargetDependency;
			target = CDF25768191096140021B3F8 /* LHLocationManager */;
			targetProxy = CDF2578F191096140021B3F8 /* PBXContainerItemProxy */;
		};
/* End PBXTargetDependency section */

/* Begin PBXVariantGroup section */
		CDF25775191096140021B3F8 /* InfoPlist.strings */ = {
			isa = PBXVariantGroup;
			children = (
				CDF25776191096140021B3F8 /* en */,
			);
			name = InfoPlist.strings;
			sourceTree = "<group>";
		};
		CDF2577E191096140021B3F8 /* Main.storyboard */ = {
			isa = PBXVariantGroup;
			children = (
				CDF2577F191096140021B3F8 /* Base */,
			);
			name = Main.storyboard;
			sourceTree = "<group>";
		};
		CDF25794191096140021B3F8 /* InfoPlist.strings */ = {
			isa = PBXVariantGroup;
			children = (
				CDF25795191096140021B3F8 /* en */,
			);
			name = InfoPlist.strings;
			sourceTree = "<group>";
		};
/* End PBXVariantGroup section */

/* Begin XCBuildConfiguration section */
		CDF25799191096140021B3F8 /* Debug */ = {
			isa = XCBuildConfiguration;
			buildSettings = {
				ALWAYS_SEARCH_USER_PATHS = NO;
				CLANG_CXX_LANGUAGE_STANDARD = "gnu++0x";
				CLANG_CXX_LIBRARY = "libc++";
				CLANG_ENABLE_MODULES = YES;
				CLANG_ENABLE_OBJC_ARC = YES;
				CLANG_WARN_BOOL_CONVERSION = YES;
				CLANG_WARN_CONSTANT_CONVERSION = YES;
				CLANG_WARN_DIRECT_OBJC_ISA_USAGE = YES_ERROR;
				CLANG_WARN_EMPTY_BODY = YES;
				CLANG_WARN_ENUM_CONVERSION = YES;
				CLANG_WARN_INT_CONVERSION = YES;
				CLANG_WARN_OBJC_ROOT_CLASS = YES_ERROR;
				CLANG_WARN__DUPLICATE_METHOD_MATCH = YES;
				"CODE_SIGN_IDENTITY[sdk=iphoneos*]" = "iPhone Developer";
				COPY_PHASE_STRIP = NO;
				GCC_C_LANGUAGE_STANDARD = gnu99;
				GCC_DYNAMIC_NO_PIC = NO;
				GCC_OPTIMIZATION_LEVEL = 0;
				GCC_PREPROCESSOR_DEFINITIONS = (
					"DEBUG=1",
					"$(inherited)",
				);
				GCC_SYMBOLS_PRIVATE_EXTERN = NO;
				GCC_WARN_64_TO_32_BIT_CONVERSION = YES;
				GCC_WARN_ABOUT_RETURN_TYPE = YES_ERROR;
				GCC_WARN_UNDECLARED_SELECTOR = YES;
				GCC_WARN_UNINITIALIZED_AUTOS = YES_AGGRESSIVE;
				GCC_WARN_UNUSED_FUNCTION = YES;
				GCC_WARN_UNUSED_VARIABLE = YES;
				IPHONEOS_DEPLOYMENT_TARGET = 7.1;
				ONLY_ACTIVE_ARCH = YES;
				SDKROOT = iphoneos;
			};
			name = Debug;
		};
		CDF2579A191096140021B3F8 /* Release */ = {
			isa = XCBuildConfiguration;
			buildSettings = {
				ALWAYS_SEARCH_USER_PATHS = NO;
				CLANG_CXX_LANGUAGE_STANDARD = "gnu++0x";
				CLANG_CXX_LIBRARY = "libc++";
				CLANG_ENABLE_MODULES = YES;
				CLANG_ENABLE_OBJC_ARC = YES;
				CLANG_WARN_BOOL_CONVERSION = YES;
				CLANG_WARN_CONSTANT_CONVERSION = YES;
				CLANG_WARN_DIRECT_OBJC_ISA_USAGE = YES_ERROR;
				CLANG_WARN_EMPTY_BODY = YES;
				CLANG_WARN_ENUM_CONVERSION = YES;
				CLANG_WARN_INT_CONVERSION = YES;
				CLANG_WARN_OBJC_ROOT_CLASS = YES_ERROR;
				CLANG_WARN__DUPLICATE_METHOD_MATCH = YES;
				"CODE_SIGN_IDENTITY[sdk=iphoneos*]" = "iPhone Developer";
				COPY_PHASE_STRIP = YES;
				ENABLE_NS_ASSERTIONS = NO;
				GCC_C_LANGUAGE_STANDARD = gnu99;
				GCC_WARN_64_TO_32_BIT_CONVERSION = YES;
				GCC_WARN_ABOUT_RETURN_TYPE = YES_ERROR;
				GCC_WARN_UNDECLARED_SELECTOR = YES;
				GCC_WARN_UNINITIALIZED_AUTOS = YES_AGGRESSIVE;
				GCC_WARN_UNUSED_FUNCTION = YES;
				GCC_WARN_UNUSED_VARIABLE = YES;
				IPHONEOS_DEPLOYMENT_TARGET = 7.1;
				SDKROOT = iphoneos;
				VALIDATE_PRODUCT = YES;
			};
			name = Release;
		};
		CDF2579C191096140021B3F8 /* Debug */ = {
			isa = XCBuildConfiguration;
			buildSettings = {
				ASSETCATALOG_COMPILER_APPICON_NAME = AppIcon;
				ASSETCATALOG_COMPILER_LAUNCHIMAGE_NAME = LaunchImage;
				GCC_PRECOMPILE_PREFIX_HEADER = YES;
				GCC_PREFIX_HEADER = "LHLocationManager/LHLocationManager-Prefix.pch";
				INFOPLIST_FILE = "LHLocationManager/LHLocationManager-Info.plist";
				IPHONEOS_DEPLOYMENT_TARGET = 7.0;
				PRODUCT_NAME = "$(TARGET_NAME)";
				WRAPPER_EXTENSION = app;
			};
			name = Debug;
		};
		CDF2579D191096140021B3F8 /* Release */ = {
			isa = XCBuildConfiguration;
			buildSettings = {
				ASSETCATALOG_COMPILER_APPICON_NAME = AppIcon;
				ASSETCATALOG_COMPILER_LAUNCHIMAGE_NAME = LaunchImage;
				GCC_PRECOMPILE_PREFIX_HEADER = YES;
				GCC_PREFIX_HEADER = "LHLocationManager/LHLocationManager-Prefix.pch";
				INFOPLIST_FILE = "LHLocationManager/LHLocationManager-Info.plist";
				IPHONEOS_DEPLOYMENT_TARGET = 7.0;
				PRODUCT_NAME = "$(TARGET_NAME)";
				WRAPPER_EXTENSION = app;
			};
			name = Release;
		};
		CDF2579F191096140021B3F8 /* Debug */ = {
			isa = XCBuildConfiguration;
			buildSettings = {
				BUNDLE_LOADER = "$(BUILT_PRODUCTS_DIR)/LHLocationManager.app/LHLocationManager";
				FRAMEWORK_SEARCH_PATHS = (
					"$(SDKROOT)/Developer/Library/Frameworks",
					"$(inherited)",
					"$(DEVELOPER_FRAMEWORKS_DIR)",
				);
				GCC_PRECOMPILE_PREFIX_HEADER = YES;
				GCC_PREFIX_HEADER = "LHLocationManager/LHLocationManager-Prefix.pch";
				GCC_PREPROCESSOR_DEFINITIONS = (
					"DEBUG=1",
					"$(inherited)",
				);
				INFOPLIST_FILE = "LHLocationManagerTests/LHLocationManagerTests-Info.plist";
				PRODUCT_NAME = "$(TARGET_NAME)";
				TEST_HOST = "$(BUNDLE_LOADER)";
				WRAPPER_EXTENSION = xctest;
			};
			name = Debug;
		};
		CDF257A0191096140021B3F8 /* Release */ = {
			isa = XCBuildConfiguration;
			buildSettings = {
				BUNDLE_LOADER = "$(BUILT_PRODUCTS_DIR)/LHLocationManager.app/LHLocationManager";
				FRAMEWORK_SEARCH_PATHS = (
					"$(SDKROOT)/Developer/Library/Frameworks",
					"$(inherited)",
					"$(DEVELOPER_FRAMEWORKS_DIR)",
				);
				GCC_PRECOMPILE_PREFIX_HEADER = YES;
				GCC_PREFIX_HEADER = "LHLocationManager/LHLocationManager-Prefix.pch";
				INFOPLIST_FILE = "LHLocationManagerTests/LHLocationManagerTests-Info.plist";
				PRODUCT_NAME = "$(TARGET_NAME)";
				TEST_HOST = "$(BUNDLE_LOADER)";
				WRAPPER_EXTENSION = xctest;
			};
			name = Release;
		};
/* End XCBuildConfiguration section */

/* Begin XCConfigurationList section */
		CDF25764191096140021B3F8 /* Build configuration list for PBXProject "LHLocationManager" */ = {
			isa = XCConfigurationList;
			buildConfigurations = (
				CDF25799191096140021B3F8 /* Debug */,
				CDF2579A191096140021B3F8 /* Release */,
			);
			defaultConfigurationIsVisible = 0;
			defaultConfigurationName = Release;
		};
		CDF2579B191096140021B3F8 /* Build configuration list for PBXNativeTarget "LHLocationManager" */ = {
			isa = XCConfigurationList;
			buildConfigurations = (
				CDF2579C191096140021B3F8 /* Debug */,
				CDF2579D191096140021B3F8 /* Release */,
			);
			defaultConfigurationIsVisible = 0;
			defaultConfigurationName = Release;
		};
		CDF2579E191096140021B3F8 /* Build configuration list for PBXNativeTarget "LHLocationManagerTests" */ = {
			isa = XCConfigurationList;
			buildConfigurations = (
				CDF2579F191096140021B3F8 /* Debug */,
				CDF257A0191096140021B3F8 /* Release */,
			);
			defaultConfigurationIsVisible = 0;
			defaultConfigurationName = Release;
		};
/* End XCConfigurationList section */
	};
	rootObject = CDF25761191096140021B3F8 /* Project object */;
}
